
Microsoft Visual Studio Solution File, Format Version 12.00
# Visual Studio 2013
VisualStudioVersion = 12.0.21005.1
MinimumVisualStudioVersion = 10.0.40219.1
Project("{FAE04EC0-301F-11D3-BF4B-00C04F79EFBC}") = "FileMgr", "FileMgr\FileMgr.csproj", "{62C2B71F-4EF2-4974-BAD8-344927B817B3}"
EndProject
Project("{FAE04EC0-301F-11D3-BF4B-00C04F79EFBC}") = "Parser", "Parser\Parser\Parser.csproj", "{F648274D-662C-4A6F-81C6-8A2C74DAE085}"
EndProject
Project("{FAE04EC0-301F-11D3-BF4B-00C04F79EFBC}") = "Analyzer", "Analyzer\Analyzer.csproj", "{143BEC8E-B8B9-4F21-8D43-FD7F15F57A9B}"
EndProject
Global
	GlobalSection(SolutionConfigurationPlatforms) = preSolution
		Debug|Any CPU = Debug|Any CPU
		Release|Any CPU = Release|Any CPU
	EndGlobalSection
	GlobalSection(ProjectConfigurationPlatforms) = postSolution
		{62C2B71F-4EF2-4974-BAD8-344927B817B3}.Debug|Any CPU.ActiveCfg = Debug|Any CPU
		{62C2B71F-4EF2-4974-BAD8-344927B817B3}.Debug|Any CPU.Build.0 = Debug|Any CPU
		{62C2B71F-4EF2-4974-BAD8-344927B817B3}.Release|Any CPU.ActiveCfg = Release|Any CPU
		{62C2B71F-4EF2-4974-BAD8-344927B817B3}.Release|Any CPU.Build.0 = Release|Any CPU
		{F648274D-662C-4A6F-81C6-8A2C74DAE085}.Debug|Any CPU.ActiveCfg = Debug|Any CPU
		{F648274D-662C-4A6F-81C6-8A2C74DAE085}.Debug|Any CPU.Build.0 = Debug|Any CPU
		{F648274D-662C-4A6F-81C6-8A2C74DAE085}.Release|Any CPU.ActiveCfg = Release|Any CPU
		{F648274D-662C-4A6F-81C6-8A2C74DAE085}.Release|Any CPU.Build.0 = Release|Any CPU
		{143BEC8E-B8B9-4F21-8D43-FD7F15F57A9B}.Debug|Any CPU.ActiveCfg = Debug|Any CPU
		{143BEC8E-B8B9-4F21-8D43-FD7F15F57A9B}.Debug|Any CPU.Build.0 = Debug|Any CPU
		{143BEC8E-B8B9-4F21-8D43-FD7F15F57A9B}.Release|Any CPU.ActiveCfg = Release|Any CPU
		{143BEC8E-B8B9-4F21-8D43-FD7F15F57A9B}.Release|Any CPU.Build.0 = Release|Any CPU
	EndGlobalSection
	GlobalSection(SolutionProperties) = preSolution
		HideSolutionNode = FALSE
	EndGlobalSection
EndGlobal
