
Microsoft Visual Studio Solution File, Format Version 11.00
# Visual Studio 2010
Project("{FAE04EC0-301F-11D3-BF4B-00C04F79EFBC}") = "Parser", "Parser\Parser.csproj", "{F648274D-662C-4A6F-81C6-8A2C74DAE085}"
EndProject
Project("{FAE04EC0-301F-11D3-BF4B-00C04F79EFBC}") = "Tokenizer", "Tokenizer\Tokenizer.csproj", "{72632A69-5283-4848-8CEA-7A76D7703E4A}"
EndProject
Project("{FAE04EC0-301F-11D3-BF4B-00C04F79EFBC}") = "SemiExpression", "SemiExpression\SemiExpression.csproj", "{AF162BE3-F2AA-4034-BF89-D5CD8C93B1E0}"
EndProject
Project("{FAE04EC0-301F-11D3-BF4B-00C04F79EFBC}") = "ScopeStack", "ScopeStack\ScopeStack.csproj", "{63730B3D-3961-4C49-B263-42FC0BC48C26}"
EndProject
Project("{2150E333-8FDC-42A3-9474-1A3956D46DE8}") = "Solution Items", "Solution Items", "{4B16A314-7549-43F2-B5B1-0FA2AC8071EF}"
	ProjectSection(SolutionItems) = preProject
		Parser\TestCase-eligibleCheck.cs = Parser\TestCase-eligibleCheck.cs
	EndProjectSection
EndProject
Global
	GlobalSection(SolutionConfigurationPlatforms) = preSolution
		Debug|Any CPU = Debug|Any CPU
		Debug|Mixed Platforms = Debug|Mixed Platforms
		Debug|x86 = Debug|x86
		Release|Any CPU = Release|Any CPU
		Release|Mixed Platforms = Release|Mixed Platforms
		Release|x86 = Release|x86
	EndGlobalSection
	GlobalSection(ProjectConfigurationPlatforms) = postSolution
		{F648274D-662C-4A6F-81C6-8A2C74DAE085}.Debug|Any CPU.ActiveCfg = Debug|Any CPU
		{F648274D-662C-4A6F-81C6-8A2C74DAE085}.Debug|Any CPU.Build.0 = Debug|Any CPU
		{F648274D-662C-4A6F-81C6-8A2C74DAE085}.Debug|Mixed Platforms.ActiveCfg = Debug|Any CPU
		{F648274D-662C-4A6F-81C6-8A2C74DAE085}.Debug|Mixed Platforms.Build.0 = Debug|Any CPU
		{F648274D-662C-4A6F-81C6-8A2C74DAE085}.Debug|x86.ActiveCfg = Debug|Any CPU
		{F648274D-662C-4A6F-81C6-8A2C74DAE085}.Release|Any CPU.ActiveCfg = Release|Any CPU
		{F648274D-662C-4A6F-81C6-8A2C74DAE085}.Release|Any CPU.Build.0 = Release|Any CPU
		{F648274D-662C-4A6F-81C6-8A2C74DAE085}.Release|Mixed Platforms.ActiveCfg = Release|Any CPU
		{F648274D-662C-4A6F-81C6-8A2C74DAE085}.Release|Mixed Platforms.Build.0 = Release|Any CPU
		{F648274D-662C-4A6F-81C6-8A2C74DAE085}.Release|x86.ActiveCfg = Release|Any CPU
		{72632A69-5283-4848-8CEA-7A76D7703E4A}.Debug|Any CPU.ActiveCfg = Debug|Any CPU
		{72632A69-5283-4848-8CEA-7A76D7703E4A}.Debug|Any CPU.Build.0 = Debug|Any CPU
		{72632A69-5283-4848-8CEA-7A76D7703E4A}.Debug|Mixed Platforms.ActiveCfg = Debug|Any CPU
		{72632A69-5283-4848-8CEA-7A76D7703E4A}.Debug|Mixed Platforms.Build.0 = Debug|Any CPU
		{72632A69-5283-4848-8CEA-7A76D7703E4A}.Debug|x86.ActiveCfg = Debug|Any CPU
		{72632A69-5283-4848-8CEA-7A76D7703E4A}.Release|Any CPU.ActiveCfg = Release|Any CPU
		{72632A69-5283-4848-8CEA-7A76D7703E4A}.Release|Any CPU.Build.0 = Release|Any CPU
		{72632A69-5283-4848-8CEA-7A76D7703E4A}.Release|Mixed Platforms.ActiveCfg = Release|Any CPU
		{72632A69-5283-4848-8CEA-7A76D7703E4A}.Release|Mixed Platforms.Build.0 = Release|Any CPU
		{72632A69-5283-4848-8CEA-7A76D7703E4A}.Release|x86.ActiveCfg = Release|Any CPU
		{AF162BE3-F2AA-4034-BF89-D5CD8C93B1E0}.Debug|Any CPU.ActiveCfg = Debug|Any CPU
		{AF162BE3-F2AA-4034-BF89-D5CD8C93B1E0}.Debug|Any CPU.Build.0 = Debug|Any CPU
		{AF162BE3-F2AA-4034-BF89-D5CD8C93B1E0}.Debug|Mixed Platforms.ActiveCfg = Debug|Any CPU
		{AF162BE3-F2AA-4034-BF89-D5CD8C93B1E0}.Debug|Mixed Platforms.Build.0 = Debug|Any CPU
		{AF162BE3-F2AA-4034-BF89-D5CD8C93B1E0}.Debug|x86.ActiveCfg = Debug|Any CPU
		{AF162BE3-F2AA-4034-BF89-D5CD8C93B1E0}.Release|Any CPU.ActiveCfg = Release|Any CPU
		{AF162BE3-F2AA-4034-BF89-D5CD8C93B1E0}.Release|Any CPU.Build.0 = Release|Any CPU
		{AF162BE3-F2AA-4034-BF89-D5CD8C93B1E0}.Release|Mixed Platforms.ActiveCfg = Release|Any CPU
		{AF162BE3-F2AA-4034-BF89-D5CD8C93B1E0}.Release|Mixed Platforms.Build.0 = Release|Any CPU
		{AF162BE3-F2AA-4034-BF89-D5CD8C93B1E0}.Release|x86.ActiveCfg = Release|Any CPU
		{63730B3D-3961-4C49-B263-42FC0BC48C26}.Debug|Any CPU.ActiveCfg = Debug|x86
		{63730B3D-3961-4C49-B263-42FC0BC48C26}.Debug|Mixed Platforms.ActiveCfg = Debug|x86
		{63730B3D-3961-4C49-B263-42FC0BC48C26}.Debug|Mixed Platforms.Build.0 = Debug|x86
		{63730B3D-3961-4C49-B263-42FC0BC48C26}.Debug|x86.ActiveCfg = Debug|x86
		{63730B3D-3961-4C49-B263-42FC0BC48C26}.Debug|x86.Build.0 = Debug|x86
		{63730B3D-3961-4C49-B263-42FC0BC48C26}.Release|Any CPU.ActiveCfg = Release|x86
		{63730B3D-3961-4C49-B263-42FC0BC48C26}.Release|Mixed Platforms.ActiveCfg = Release|x86
		{63730B3D-3961-4C49-B263-42FC0BC48C26}.Release|Mixed Platforms.Build.0 = Release|x86
		{63730B3D-3961-4C49-B263-42FC0BC48C26}.Release|x86.ActiveCfg = Release|x86
		{63730B3D-3961-4C49-B263-42FC0BC48C26}.Release|x86.Build.0 = Release|x86
	EndGlobalSection
	GlobalSection(SolutionProperties) = preSolution
		HideSolutionNode = FALSE
	EndGlobalSection
EndGlobal
